
Microsoft Visual Studio Solution File, Format Version 12.00
# Visual Studio Version 16
VisualStudioVersion = 16.0.33027.164
MinimumVisualStudioVersion = 10.0.40219.1
Project("{FAE04EC0-301F-11D3-BF4B-00C04F79EFBC}") = "FahrenheitToCelsius", "FahrenheitToCelsius\FahrenheitToCelsius.csproj", "{5B883680-8894-4127-8016-8C9F36D5BE40}"
EndProject
Global
	GlobalSection(SolutionConfigurationPlatforms) = preSolution
		Debug|Any CPU = Debug|Any CPU
		Release|Any CPU = Release|Any CPU
	EndGlobalSection
	GlobalSection(ProjectConfigurationPlatforms) = postSolution
		{5B883680-8894-4127-8016-8C9F36D5BE40}.Debug|Any CPU.ActiveCfg = Debug|Any CPU
		{5B883680-8894-4127-8016-8C9F36D5BE40}.Debug|Any CPU.Build.0 = Debug|Any CPU
		{5B883680-8894-4127-8016-8C9F36D5BE40}.Release|Any CPU.ActiveCfg = Release|Any CPU
		{5B883680-8894-4127-8016-8C9F36D5BE40}.Release|Any CPU.Build.0 = Release|Any CPU
	EndGlobalSection
	GlobalSection(SolutionProperties) = preSolution
		HideSolutionNode = FALSE
	EndGlobalSection
	GlobalSection(ExtensibilityGlobals) = postSolution
		SolutionGuid = {68663700-4C2C-4F3D-82DD-E48CACE36757}
	EndGlobalSection
EndGlobal
