
Microsoft Visual Studio Solution File, Format Version 12.00
# Visual Studio Version 16
VisualStudioVersion = 16.0.33027.164
MinimumVisualStudioVersion = 10.0.40219.1
Project("{FAE04EC0-301F-11D3-BF4B-00C04F79EFBC}") = "trocaAsemReplace", "trocaAsemReplace\trocaAsemReplace.csproj", "{59209A8F-51F5-4B7B-AE10-A7603828736B}"
EndProject
Global
	GlobalSection(SolutionConfigurationPlatforms) = preSolution
		Debug|Any CPU = Debug|Any CPU
		Release|Any CPU = Release|Any CPU
	EndGlobalSection
	GlobalSection(ProjectConfigurationPlatforms) = postSolution
		{59209A8F-51F5-4B7B-AE10-A7603828736B}.Debug|Any CPU.ActiveCfg = Debug|Any CPU
		{59209A8F-51F5-4B7B-AE10-A7603828736B}.Debug|Any CPU.Build.0 = Debug|Any CPU
		{59209A8F-51F5-4B7B-AE10-A7603828736B}.Release|Any CPU.ActiveCfg = Release|Any CPU
		{59209A8F-51F5-4B7B-AE10-A7603828736B}.Release|Any CPU.Build.0 = Release|Any CPU
	EndGlobalSection
	GlobalSection(SolutionProperties) = preSolution
		HideSolutionNode = FALSE
	EndGlobalSection
	GlobalSection(ExtensibilityGlobals) = postSolution
		SolutionGuid = {872C50A8-8DD9-4074-8653-1CDFC2E3DEE6}
	EndGlobalSection
EndGlobal
